
Microsoft Visual Studio Solution File, Format Version 12.00
# Visual Studio Version 16
VisualStudioVersion = 16.0.30711.63
MinimumVisualStudioVersion = 10.0.40219.1
Project("{FAE04EC0-301F-11D3-BF4B-00C04F79EFBC}") = "FunctionalKanban.Domain", "FunctionalKanban.Domain\FunctionalKanban.Domain.csproj", "{DF08DFD6-6760-4344-8B4C-02E89821179D}"
EndProject
Project("{FAE04EC0-301F-11D3-BF4B-00C04F79EFBC}") = "FunctionalKanban.Domain.Test", "FunctionalKanban.Domain.Test\FunctionalKanban.Domain.Test.csproj", "{F850094A-AFF2-47F5-8DD8-DEE95E1CB363}"
EndProject
Project("{FAE04EC0-301F-11D3-BF4B-00C04F79EFBC}") = "FunctionalKanban.Functional", "FunctionalKanban.Functional\FunctionalKanban.Functional.csproj", "{9807F81E-7765-4F77-A8A3-1B0D1EB87758}"
EndProject
Project("{FAE04EC0-301F-11D3-BF4B-00C04F79EFBC}") = "FunctionalKanban.Application", "FunctionalKanban.Application\FunctionalKanban.Application.csproj", "{10AC7EA8-4E57-4E37-89BA-6AEAD65885A2}"
EndProject
Global
	GlobalSection(SolutionConfigurationPlatforms) = preSolution
		Debug|Any CPU = Debug|Any CPU
		Release|Any CPU = Release|Any CPU
	EndGlobalSection
	GlobalSection(ProjectConfigurationPlatforms) = postSolution
		{DF08DFD6-6760-4344-8B4C-02E89821179D}.Debug|Any CPU.ActiveCfg = Debug|Any CPU
		{DF08DFD6-6760-4344-8B4C-02E89821179D}.Debug|Any CPU.Build.0 = Debug|Any CPU
		{DF08DFD6-6760-4344-8B4C-02E89821179D}.Release|Any CPU.ActiveCfg = Release|Any CPU
		{DF08DFD6-6760-4344-8B4C-02E89821179D}.Release|Any CPU.Build.0 = Release|Any CPU
		{F850094A-AFF2-47F5-8DD8-DEE95E1CB363}.Debug|Any CPU.ActiveCfg = Debug|Any CPU
		{F850094A-AFF2-47F5-8DD8-DEE95E1CB363}.Debug|Any CPU.Build.0 = Debug|Any CPU
		{F850094A-AFF2-47F5-8DD8-DEE95E1CB363}.Release|Any CPU.ActiveCfg = Release|Any CPU
		{F850094A-AFF2-47F5-8DD8-DEE95E1CB363}.Release|Any CPU.Build.0 = Release|Any CPU
		{9807F81E-7765-4F77-A8A3-1B0D1EB87758}.Debug|Any CPU.ActiveCfg = Debug|Any CPU
		{9807F81E-7765-4F77-A8A3-1B0D1EB87758}.Debug|Any CPU.Build.0 = Debug|Any CPU
		{9807F81E-7765-4F77-A8A3-1B0D1EB87758}.Release|Any CPU.ActiveCfg = Release|Any CPU
		{9807F81E-7765-4F77-A8A3-1B0D1EB87758}.Release|Any CPU.Build.0 = Release|Any CPU
		{10AC7EA8-4E57-4E37-89BA-6AEAD65885A2}.Debug|Any CPU.ActiveCfg = Debug|Any CPU
		{10AC7EA8-4E57-4E37-89BA-6AEAD65885A2}.Debug|Any CPU.Build.0 = Debug|Any CPU
		{10AC7EA8-4E57-4E37-89BA-6AEAD65885A2}.Release|Any CPU.ActiveCfg = Release|Any CPU
		{10AC7EA8-4E57-4E37-89BA-6AEAD65885A2}.Release|Any CPU.Build.0 = Release|Any CPU
	EndGlobalSection
	GlobalSection(SolutionProperties) = preSolution
		HideSolutionNode = FALSE
	EndGlobalSection
	GlobalSection(ExtensibilityGlobals) = postSolution
		SolutionGuid = {B1507AD5-4CB4-4FDB-97F5-F6FD342B1F60}
	EndGlobalSection
EndGlobal
