
Microsoft Visual Studio Solution File, Format Version 12.00
# Visual Studio Version 16
VisualStudioVersion = 16.0.30711.63
MinimumVisualStudioVersion = 10.0.40219.1
Project("{9A19103F-16F7-4668-BE54-9A1E7A4F7556}") = "FunctionalKanban.Domain", "FunctionalKanban.Domain\FunctionalKanban.Domain.csproj", "{DF08DFD6-6760-4344-8B4C-02E89821179D}"
EndProject
Project("{9A19103F-16F7-4668-BE54-9A1E7A4F7556}") = "FunctionalKanban.Domain.Test", "FunctionalKanban.Domain.Test\FunctionalKanban.Domain.Test.csproj", "{F850094A-AFF2-47F5-8DD8-DEE95E1CB363}"
EndProject
Project("{9A19103F-16F7-4668-BE54-9A1E7A4F7556}") = "FunctionalKanban.Application", "FunctionalKanban.Application\FunctionalKanban.Application.csproj", "{10AC7EA8-4E57-4E37-89BA-6AEAD65885A2}"
EndProject
Project("{2150E333-8FDC-42A3-9474-1A3956D46DE8}") = "Tests", "Tests", "{F922D6C3-92A0-41AE-B5C6-9DC08B9E152D}"
EndProject
Project("{9A19103F-16F7-4668-BE54-9A1E7A4F7556}") = "FunctionalKanban.Application.Test", "FunctionalKanban.Application.Test\FunctionalKanban.Application.Test.csproj", "{E5276C7D-6BCC-4E37-ABC2-37A8F3F524B8}"
EndProject
Project("{2150E333-8FDC-42A3-9474-1A3956D46DE8}") = "Core", "Core", "{B5E1E779-65BE-4F55-A610-3A9D9923DCB6}"
EndProject
Project("{9A19103F-16F7-4668-BE54-9A1E7A4F7556}") = "FunctionalKanban.Api", "FunctionalKanban.Api\FunctionalKanban.Api.csproj", "{2F100E3F-25FA-4D77-A33A-E87F1692821D}"
EndProject
Project("{2150E333-8FDC-42A3-9474-1A3956D46DE8}") = "Web", "Web", "{60F145F1-D098-49B0-99D3-B9825A9534AA}"
EndProject
Project("{9A19103F-16F7-4668-BE54-9A1E7A4F7556}") = "FunctionalKanban.Api.Test", "FunctionalKanban.Api.Test\FunctionalKanban.Api.Test.csproj", "{137B2E5A-B390-42BC-ADF1-3A84862CDC11}"
EndProject
Project("{2150E333-8FDC-42A3-9474-1A3956D46DE8}") = "Infrastructure", "Infrastructure", "{6F910C51-0E72-425C-9F25-31765A7D7B11}"
EndProject
Project("{9A19103F-16F7-4668-BE54-9A1E7A4F7556}") = "FunctionalKanban.Infrastructure", "FunctionalKanban.Infrastructure\FunctionalKanban.Infrastructure.csproj", "{FCA7F6CB-0278-4CC9-8F19-34F2B51AD59B}"
EndProject
Project("{9A19103F-16F7-4668-BE54-9A1E7A4F7556}") = "FunctionalKanban.Infrastructure.Abstraction", "FunctionalKanban.Infrastructure.Abstraction\FunctionalKanban.Infrastructure.Abstraction.csproj", "{A1B06032-72F7-40FA-AEA2-35229CA76B2A}"
EndProject
Project("{9A19103F-16F7-4668-BE54-9A1E7A4F7556}") = "FunctionalKanban.Infrastructure.Test", "FunctionalKanban.Infrastructure.Test\FunctionalKanban.Infrastructure.Test.csproj", "{0C8DF1F1-8623-4EA7-81DE-F19C19B6349E}"
EndProject
Global
	GlobalSection(SolutionConfigurationPlatforms) = preSolution
		Debug|Any CPU = Debug|Any CPU
		Release|Any CPU = Release|Any CPU
	EndGlobalSection
	GlobalSection(ProjectConfigurationPlatforms) = postSolution
		{DF08DFD6-6760-4344-8B4C-02E89821179D}.Debug|Any CPU.ActiveCfg = Debug|Any CPU
		{DF08DFD6-6760-4344-8B4C-02E89821179D}.Debug|Any CPU.Build.0 = Debug|Any CPU
		{DF08DFD6-6760-4344-8B4C-02E89821179D}.Release|Any CPU.ActiveCfg = Release|Any CPU
		{DF08DFD6-6760-4344-8B4C-02E89821179D}.Release|Any CPU.Build.0 = Release|Any CPU
		{F850094A-AFF2-47F5-8DD8-DEE95E1CB363}.Debug|Any CPU.ActiveCfg = Debug|Any CPU
		{F850094A-AFF2-47F5-8DD8-DEE95E1CB363}.Debug|Any CPU.Build.0 = Debug|Any CPU
		{F850094A-AFF2-47F5-8DD8-DEE95E1CB363}.Release|Any CPU.ActiveCfg = Release|Any CPU
		{F850094A-AFF2-47F5-8DD8-DEE95E1CB363}.Release|Any CPU.Build.0 = Release|Any CPU
		{10AC7EA8-4E57-4E37-89BA-6AEAD65885A2}.Debug|Any CPU.ActiveCfg = Debug|Any CPU
		{10AC7EA8-4E57-4E37-89BA-6AEAD65885A2}.Debug|Any CPU.Build.0 = Debug|Any CPU
		{10AC7EA8-4E57-4E37-89BA-6AEAD65885A2}.Release|Any CPU.ActiveCfg = Release|Any CPU
		{10AC7EA8-4E57-4E37-89BA-6AEAD65885A2}.Release|Any CPU.Build.0 = Release|Any CPU
		{E5276C7D-6BCC-4E37-ABC2-37A8F3F524B8}.Debug|Any CPU.ActiveCfg = Debug|Any CPU
		{E5276C7D-6BCC-4E37-ABC2-37A8F3F524B8}.Debug|Any CPU.Build.0 = Debug|Any CPU
		{E5276C7D-6BCC-4E37-ABC2-37A8F3F524B8}.Release|Any CPU.ActiveCfg = Release|Any CPU
		{E5276C7D-6BCC-4E37-ABC2-37A8F3F524B8}.Release|Any CPU.Build.0 = Release|Any CPU
		{2F100E3F-25FA-4D77-A33A-E87F1692821D}.Debug|Any CPU.ActiveCfg = Debug|Any CPU
		{2F100E3F-25FA-4D77-A33A-E87F1692821D}.Debug|Any CPU.Build.0 = Debug|Any CPU
		{2F100E3F-25FA-4D77-A33A-E87F1692821D}.Release|Any CPU.ActiveCfg = Release|Any CPU
		{2F100E3F-25FA-4D77-A33A-E87F1692821D}.Release|Any CPU.Build.0 = Release|Any CPU
		{137B2E5A-B390-42BC-ADF1-3A84862CDC11}.Debug|Any CPU.ActiveCfg = Debug|Any CPU
		{137B2E5A-B390-42BC-ADF1-3A84862CDC11}.Debug|Any CPU.Build.0 = Debug|Any CPU
		{137B2E5A-B390-42BC-ADF1-3A84862CDC11}.Release|Any CPU.ActiveCfg = Release|Any CPU
		{137B2E5A-B390-42BC-ADF1-3A84862CDC11}.Release|Any CPU.Build.0 = Release|Any CPU
		{FCA7F6CB-0278-4CC9-8F19-34F2B51AD59B}.Debug|Any CPU.ActiveCfg = Debug|Any CPU
		{FCA7F6CB-0278-4CC9-8F19-34F2B51AD59B}.Debug|Any CPU.Build.0 = Debug|Any CPU
		{FCA7F6CB-0278-4CC9-8F19-34F2B51AD59B}.Release|Any CPU.ActiveCfg = Release|Any CPU
		{FCA7F6CB-0278-4CC9-8F19-34F2B51AD59B}.Release|Any CPU.Build.0 = Release|Any CPU
		{A1B06032-72F7-40FA-AEA2-35229CA76B2A}.Debug|Any CPU.ActiveCfg = Debug|Any CPU
		{A1B06032-72F7-40FA-AEA2-35229CA76B2A}.Debug|Any CPU.Build.0 = Debug|Any CPU
		{A1B06032-72F7-40FA-AEA2-35229CA76B2A}.Release|Any CPU.ActiveCfg = Release|Any CPU
		{A1B06032-72F7-40FA-AEA2-35229CA76B2A}.Release|Any CPU.Build.0 = Release|Any CPU
		{0C8DF1F1-8623-4EA7-81DE-F19C19B6349E}.Debug|Any CPU.ActiveCfg = Debug|Any CPU
		{0C8DF1F1-8623-4EA7-81DE-F19C19B6349E}.Debug|Any CPU.Build.0 = Debug|Any CPU
		{0C8DF1F1-8623-4EA7-81DE-F19C19B6349E}.Release|Any CPU.ActiveCfg = Release|Any CPU
		{0C8DF1F1-8623-4EA7-81DE-F19C19B6349E}.Release|Any CPU.Build.0 = Release|Any CPU
	EndGlobalSection
	GlobalSection(SolutionProperties) = preSolution
		HideSolutionNode = FALSE
	EndGlobalSection
	GlobalSection(NestedProjects) = preSolution
		{DF08DFD6-6760-4344-8B4C-02E89821179D} = {B5E1E779-65BE-4F55-A610-3A9D9923DCB6}
		{F850094A-AFF2-47F5-8DD8-DEE95E1CB363} = {F922D6C3-92A0-41AE-B5C6-9DC08B9E152D}
		{10AC7EA8-4E57-4E37-89BA-6AEAD65885A2} = {B5E1E779-65BE-4F55-A610-3A9D9923DCB6}
		{E5276C7D-6BCC-4E37-ABC2-37A8F3F524B8} = {F922D6C3-92A0-41AE-B5C6-9DC08B9E152D}
		{2F100E3F-25FA-4D77-A33A-E87F1692821D} = {60F145F1-D098-49B0-99D3-B9825A9534AA}
		{137B2E5A-B390-42BC-ADF1-3A84862CDC11} = {F922D6C3-92A0-41AE-B5C6-9DC08B9E152D}
		{FCA7F6CB-0278-4CC9-8F19-34F2B51AD59B} = {6F910C51-0E72-425C-9F25-31765A7D7B11}
		{A1B06032-72F7-40FA-AEA2-35229CA76B2A} = {6F910C51-0E72-425C-9F25-31765A7D7B11}
		{0C8DF1F1-8623-4EA7-81DE-F19C19B6349E} = {F922D6C3-92A0-41AE-B5C6-9DC08B9E152D}
	EndGlobalSection
	GlobalSection(ExtensibilityGlobals) = postSolution
		SolutionGuid = {B1507AD5-4CB4-4FDB-97F5-F6FD342B1F60}
	EndGlobalSection
EndGlobal
